
Microsoft Visual Studio Solution File, Format Version 12.00
# Visual Studio 15
VisualStudioVersion = 15.0.27428.2015
MinimumVisualStudioVersion = 10.0.40219.1
Project("{FAE04EC0-301F-11D3-BF4B-00C04F79EFBC}") = "SurvivorLeague", "SurvivorLeague\SurvivorLeague.csproj", "{ED463FAE-87B8-4D49-9477-96370988316B}"
EndProject
Project("{FAE04EC0-301F-11D3-BF4B-00C04F79EFBC}") = "SurvivorLeague.NFL", "SurvivorLeague.NFL\SurvivorLeague.NFL.csproj", "{2441BFD6-8E83-43C9-A0C5-CE125ABA40E3}"
EndProject
Project("{FAE04EC0-301F-11D3-BF4B-00C04F79EFBC}") = "SurvivorLeague.MLB", "SurvivorLeague.MLB\SurvivorLeague.MLB.csproj", "{C8AE2D1B-F805-43DA-BE96-AB52C5BA3ABB}"
EndProject
Global
	GlobalSection(SolutionConfigurationPlatforms) = preSolution
		Debug|Any CPU = Debug|Any CPU
		Release|Any CPU = Release|Any CPU
	EndGlobalSection
	GlobalSection(ProjectConfigurationPlatforms) = postSolution
		{ED463FAE-87B8-4D49-9477-96370988316B}.Debug|Any CPU.ActiveCfg = Debug|Any CPU
		{ED463FAE-87B8-4D49-9477-96370988316B}.Debug|Any CPU.Build.0 = Debug|Any CPU
		{ED463FAE-87B8-4D49-9477-96370988316B}.Release|Any CPU.ActiveCfg = Release|Any CPU
		{ED463FAE-87B8-4D49-9477-96370988316B}.Release|Any CPU.Build.0 = Release|Any CPU
		{2441BFD6-8E83-43C9-A0C5-CE125ABA40E3}.Debug|Any CPU.ActiveCfg = Debug|Any CPU
		{2441BFD6-8E83-43C9-A0C5-CE125ABA40E3}.Debug|Any CPU.Build.0 = Debug|Any CPU
		{2441BFD6-8E83-43C9-A0C5-CE125ABA40E3}.Release|Any CPU.ActiveCfg = Release|Any CPU
		{2441BFD6-8E83-43C9-A0C5-CE125ABA40E3}.Release|Any CPU.Build.0 = Release|Any CPU
		{C8AE2D1B-F805-43DA-BE96-AB52C5BA3ABB}.Debug|Any CPU.ActiveCfg = Debug|Any CPU
		{C8AE2D1B-F805-43DA-BE96-AB52C5BA3ABB}.Debug|Any CPU.Build.0 = Debug|Any CPU
		{C8AE2D1B-F805-43DA-BE96-AB52C5BA3ABB}.Release|Any CPU.ActiveCfg = Release|Any CPU
		{C8AE2D1B-F805-43DA-BE96-AB52C5BA3ABB}.Release|Any CPU.Build.0 = Release|Any CPU
	EndGlobalSection
	GlobalSection(SolutionProperties) = preSolution
		HideSolutionNode = FALSE
	EndGlobalSection
	GlobalSection(ExtensibilityGlobals) = postSolution
		SolutionGuid = {0A84B612-64EE-4CB9-8C1E-023A83CF61CC}
	EndGlobalSection
EndGlobal
